# This file is automatically @generated by Cargo.
# It is not intended for manual editing.
version = 4

[[package]]
name = "qgs-core"
version = "0.1.0"
dependencies = [
 "qgs-protocol",
]

[[package]]
name = "qgs-linux"
version = "0.1.0"
dependencies = [
 "qgs-core",
 "qgs-protocol",
]

[[package]]
name = "qgs-protocol"
version = "0.1.0"

[[package]]
name = "qgs-test"
version = "0.1.0"
dependencies = [
 "qgs-linux",
 "qgs-protocol",
]

[[package]]
name = "qgsd"
version = "0.1.0"
dependencies = [
 "qgs-core",
 "qgs-linux",
 "qgs-protocol",
]
